
Microsoft Visual Studio Solution File, Format Version 12.00
# Visual Studio Version 18
VisualStudioVersion = 18.0.11205.157
MinimumVisualStudioVersion = 10.0.40219.1
Project("{FAE04EC0-301F-11D3-BF4B-00C04F79EFBC}") = "PredictionApp", "PredictionApp\PredictionApp.csproj", "{37638783-F348-4C3C-8994-68999FC5DBC2}"
EndProject
Project("{FAE04EC0-301F-11D3-BF4B-00C04F79EFBC}") = "GameShopWeb", "GameShopWeb\GameShopWeb.csproj", "{991ADAF9-FE1F-4F16-8E31-4BDFDB9C2ADD}"
EndProject
Global
	GlobalSection(SolutionConfigurationPlatforms) = preSolution
		Debug|Any CPU = Debug|Any CPU
		Release|Any CPU = Release|Any CPU
	EndGlobalSection
	GlobalSection(ProjectConfigurationPlatforms) = postSolution
		{37638783-F348-4C3C-8994-68999FC5DBC2}.Debug|Any CPU.ActiveCfg = Debug|Any CPU
		{37638783-F348-4C3C-8994-68999FC5DBC2}.Debug|Any CPU.Build.0 = Debug|Any CPU
		{37638783-F348-4C3C-8994-68999FC5DBC2}.Release|Any CPU.ActiveCfg = Release|Any CPU
		{37638783-F348-4C3C-8994-68999FC5DBC2}.Release|Any CPU.Build.0 = Release|Any CPU
		{991ADAF9-FE1F-4F16-8E31-4BDFDB9C2ADD}.Debug|Any CPU.ActiveCfg = Debug|Any CPU
		{991ADAF9-FE1F-4F16-8E31-4BDFDB9C2ADD}.Debug|Any CPU.Build.0 = Debug|Any CPU
		{991ADAF9-FE1F-4F16-8E31-4BDFDB9C2ADD}.Release|Any CPU.ActiveCfg = Release|Any CPU
		{991ADAF9-FE1F-4F16-8E31-4BDFDB9C2ADD}.Release|Any CPU.Build.0 = Release|Any CPU
	EndGlobalSection
	GlobalSection(SolutionProperties) = preSolution
		HideSolutionNode = FALSE
	EndGlobalSection
	GlobalSection(ExtensibilityGlobals) = postSolution
		SolutionGuid = {F1F1E423-A522-4B44-8EE9-A4809A0E63EC}
	EndGlobalSection
EndGlobal
